
Microsoft Visual Studio Solution File, Format Version 12.00
# Visual Studio 15
VisualStudioVersion = 15.0.28307.705
MinimumVisualStudioVersion = 10.0.40219.1
Project("{FAE04EC0-301F-11D3-BF4B-00C04F79EFBC}") = "Tesis", "Menu\Tesis.csproj", "{7C570F5F-C31B-45C4-84AA-4E30567F48F7}"
EndProject
Global
	GlobalSection(SolutionConfigurationPlatforms) = preSolution
		Debug|Any CPU = Debug|Any CPU
		Release|Any CPU = Release|Any CPU
	EndGlobalSection
	GlobalSection(ProjectConfigurationPlatforms) = postSolution
		{7C570F5F-C31B-45C4-84AA-4E30567F48F7}.Debug|Any CPU.ActiveCfg = Debug|Any CPU
		{7C570F5F-C31B-45C4-84AA-4E30567F48F7}.Debug|Any CPU.Build.0 = Debug|Any CPU
		{7C570F5F-C31B-45C4-84AA-4E30567F48F7}.Release|Any CPU.ActiveCfg = Release|Any CPU
		{7C570F5F-C31B-45C4-84AA-4E30567F48F7}.Release|Any CPU.Build.0 = Release|Any CPU
	EndGlobalSection
	GlobalSection(SolutionProperties) = preSolution
		HideSolutionNode = FALSE
	EndGlobalSection
	GlobalSection(ExtensibilityGlobals) = postSolution
		SolutionGuid = {6D34114F-7EBC-4990-84CD-646DAF3F8D7F}
	EndGlobalSection
EndGlobal
